
Microsoft Visual Studio Solution File, Format Version 12.00
# Visual Studio Version 16
VisualStudioVersion = 16.0.29613.14
MinimumVisualStudioVersion = 10.0.40219.1
Project("{FAE04EC0-301F-11D3-BF4B-00C04F79EFBC}") = "ah4124215MIS4200_1045_sp20", "ah4124215MIS4200_1045_sp20.csproj", "{47EEDB02-B4DB-4B7D-9F00-1F7A36AFC14B}"
EndProject
Global
	GlobalSection(SolutionConfigurationPlatforms) = preSolution
		Debug|Any CPU = Debug|Any CPU
		Release|Any CPU = Release|Any CPU
	EndGlobalSection
	GlobalSection(ProjectConfigurationPlatforms) = postSolution
		{47EEDB02-B4DB-4B7D-9F00-1F7A36AFC14B}.Debug|Any CPU.ActiveCfg = Debug|Any CPU
		{47EEDB02-B4DB-4B7D-9F00-1F7A36AFC14B}.Debug|Any CPU.Build.0 = Debug|Any CPU
		{47EEDB02-B4DB-4B7D-9F00-1F7A36AFC14B}.Release|Any CPU.ActiveCfg = Release|Any CPU
		{47EEDB02-B4DB-4B7D-9F00-1F7A36AFC14B}.Release|Any CPU.Build.0 = Release|Any CPU
	EndGlobalSection
	GlobalSection(SolutionProperties) = preSolution
		HideSolutionNode = FALSE
	EndGlobalSection
	GlobalSection(ExtensibilityGlobals) = postSolution
		SolutionGuid = {749F1F41-90AD-4056-AAAF-801C73C2A48C}
	EndGlobalSection
EndGlobal
